
Microsoft Visual Studio Solution File, Format Version 12.00
# Visual Studio Version 17
VisualStudioVersion = 17.13.35825.156 d17.13
MinimumVisualStudioVersion = 10.0.40219.1
Project("{FAE04EC0-301F-11D3-BF4B-00C04F79EFBC}") = "SamuraiApp.Domain", "SamuraiApp.Domain\SamuraiApp.Domain.csproj", "{7FBE5298-B7BA-4A56-8AD8-3D783D9F4C52}"
EndProject
Project("{FAE04EC0-301F-11D3-BF4B-00C04F79EFBC}") = "SamuraiApp.Data", "SamuraiApp.Data\SamuraiApp.Data.csproj", "{6A4CA143-7856-4DB1-945C-74D80AD47016}"
EndProject
Project("{FAE04EC0-301F-11D3-BF4B-00C04F79EFBC}") = "SamuraiApp.UI", "SamuraiApp.UI\SamuraiApp.UI.csproj", "{FD67E9D0-D38B-4FF8-BB7D-747E154389BE}"
EndProject
Global
	GlobalSection(SolutionConfigurationPlatforms) = preSolution
		Debug|Any CPU = Debug|Any CPU
		Release|Any CPU = Release|Any CPU
	EndGlobalSection
	GlobalSection(ProjectConfigurationPlatforms) = postSolution
		{7FBE5298-B7BA-4A56-8AD8-3D783D9F4C52}.Debug|Any CPU.ActiveCfg = Debug|Any CPU
		{7FBE5298-B7BA-4A56-8AD8-3D783D9F4C52}.Debug|Any CPU.Build.0 = Debug|Any CPU
		{7FBE5298-B7BA-4A56-8AD8-3D783D9F4C52}.Release|Any CPU.ActiveCfg = Release|Any CPU
		{7FBE5298-B7BA-4A56-8AD8-3D783D9F4C52}.Release|Any CPU.Build.0 = Release|Any CPU
		{6A4CA143-7856-4DB1-945C-74D80AD47016}.Debug|Any CPU.ActiveCfg = Debug|Any CPU
		{6A4CA143-7856-4DB1-945C-74D80AD47016}.Debug|Any CPU.Build.0 = Debug|Any CPU
		{6A4CA143-7856-4DB1-945C-74D80AD47016}.Release|Any CPU.ActiveCfg = Release|Any CPU
		{6A4CA143-7856-4DB1-945C-74D80AD47016}.Release|Any CPU.Build.0 = Release|Any CPU
		{FD67E9D0-D38B-4FF8-BB7D-747E154389BE}.Debug|Any CPU.ActiveCfg = Debug|Any CPU
		{FD67E9D0-D38B-4FF8-BB7D-747E154389BE}.Debug|Any CPU.Build.0 = Debug|Any CPU
		{FD67E9D0-D38B-4FF8-BB7D-747E154389BE}.Release|Any CPU.ActiveCfg = Release|Any CPU
		{FD67E9D0-D38B-4FF8-BB7D-747E154389BE}.Release|Any CPU.Build.0 = Release|Any CPU
	EndGlobalSection
	GlobalSection(SolutionProperties) = preSolution
		HideSolutionNode = FALSE
	EndGlobalSection
	GlobalSection(ExtensibilityGlobals) = postSolution
		SolutionGuid = {CE01C5C9-BD8A-4F38-9492-DA5B1F29D835}
	EndGlobalSection
EndGlobal
