
Microsoft Visual Studio Solution File, Format Version 12.00
# Visual Studio Version 17
VisualStudioVersion = 17.0.31903.59
MinimumVisualStudioVersion = 10.0.40219.1
Project("{2150E333-8FDC-42A3-9474-1A3956D46DE8}") = "src", "src", "{827E0CD3-B72D-47B6-A68D-7590B98EB39B}"
EndProject
Project("{FAE04EC0-301F-11D3-BF4B-00C04F79EFBC}") = "GradeBook", "src\GradeBook\GradeBook.csproj", "{E47A4E4D-A290-4803-842F-77BB862FB5CD}"
EndProject
Project("{2150E333-8FDC-42A3-9474-1A3956D46DE8}") = "test", "test", "{0C88DD14-F956-CE84-757C-A364CCF449FC}"
EndProject
Project("{FAE04EC0-301F-11D3-BF4B-00C04F79EFBC}") = "GradeBook.Tests", "test\GradeBook.Tests\GradeBook.Tests.csproj", "{7570213E-0248-4068-B3D3-42DC5C8BE316}"
EndProject
Global
	GlobalSection(SolutionConfigurationPlatforms) = preSolution
		Debug|Any CPU = Debug|Any CPU
		Debug|x64 = Debug|x64
		Debug|x86 = Debug|x86
		Release|Any CPU = Release|Any CPU
		Release|x64 = Release|x64
		Release|x86 = Release|x86
	EndGlobalSection
	GlobalSection(ProjectConfigurationPlatforms) = postSolution
		{E47A4E4D-A290-4803-842F-77BB862FB5CD}.Debug|Any CPU.ActiveCfg = Debug|Any CPU
		{E47A4E4D-A290-4803-842F-77BB862FB5CD}.Debug|Any CPU.Build.0 = Debug|Any CPU
		{E47A4E4D-A290-4803-842F-77BB862FB5CD}.Debug|x64.ActiveCfg = Debug|Any CPU
		{E47A4E4D-A290-4803-842F-77BB862FB5CD}.Debug|x64.Build.0 = Debug|Any CPU
		{E47A4E4D-A290-4803-842F-77BB862FB5CD}.Debug|x86.ActiveCfg = Debug|Any CPU
		{E47A4E4D-A290-4803-842F-77BB862FB5CD}.Debug|x86.Build.0 = Debug|Any CPU
		{E47A4E4D-A290-4803-842F-77BB862FB5CD}.Release|Any CPU.ActiveCfg = Release|Any CPU
		{E47A4E4D-A290-4803-842F-77BB862FB5CD}.Release|Any CPU.Build.0 = Release|Any CPU
		{E47A4E4D-A290-4803-842F-77BB862FB5CD}.Release|x64.ActiveCfg = Release|Any CPU
		{E47A4E4D-A290-4803-842F-77BB862FB5CD}.Release|x64.Build.0 = Release|Any CPU
		{E47A4E4D-A290-4803-842F-77BB862FB5CD}.Release|x86.ActiveCfg = Release|Any CPU
		{E47A4E4D-A290-4803-842F-77BB862FB5CD}.Release|x86.Build.0 = Release|Any CPU
		{7570213E-0248-4068-B3D3-42DC5C8BE316}.Debug|Any CPU.ActiveCfg = Debug|Any CPU
		{7570213E-0248-4068-B3D3-42DC5C8BE316}.Debug|Any CPU.Build.0 = Debug|Any CPU
		{7570213E-0248-4068-B3D3-42DC5C8BE316}.Debug|x64.ActiveCfg = Debug|Any CPU
		{7570213E-0248-4068-B3D3-42DC5C8BE316}.Debug|x64.Build.0 = Debug|Any CPU
		{7570213E-0248-4068-B3D3-42DC5C8BE316}.Debug|x86.ActiveCfg = Debug|Any CPU
		{7570213E-0248-4068-B3D3-42DC5C8BE316}.Debug|x86.Build.0 = Debug|Any CPU
		{7570213E-0248-4068-B3D3-42DC5C8BE316}.Release|Any CPU.ActiveCfg = Release|Any CPU
		{7570213E-0248-4068-B3D3-42DC5C8BE316}.Release|Any CPU.Build.0 = Release|Any CPU
		{7570213E-0248-4068-B3D3-42DC5C8BE316}.Release|x64.ActiveCfg = Release|Any CPU
		{7570213E-0248-4068-B3D3-42DC5C8BE316}.Release|x64.Build.0 = Release|Any CPU
		{7570213E-0248-4068-B3D3-42DC5C8BE316}.Release|x86.ActiveCfg = Release|Any CPU
		{7570213E-0248-4068-B3D3-42DC5C8BE316}.Release|x86.Build.0 = Release|Any CPU
	EndGlobalSection
	GlobalSection(SolutionProperties) = preSolution
		HideSolutionNode = FALSE
	EndGlobalSection
	GlobalSection(NestedProjects) = preSolution
		{E47A4E4D-A290-4803-842F-77BB862FB5CD} = {827E0CD3-B72D-47B6-A68D-7590B98EB39B}
		{7570213E-0248-4068-B3D3-42DC5C8BE316} = {0C88DD14-F956-CE84-757C-A364CCF449FC}
	EndGlobalSection
EndGlobal
