
Microsoft Visual Studio Solution File, Format Version 12.00
# Visual Studio Version 17
VisualStudioVersion = 17.13.35825.156 d17.13
MinimumVisualStudioVersion = 10.0.40219.1
Project("{FAE04EC0-301F-11D3-BF4B-00C04F79EFBC}") = "LinqSample", "LinqSample.csproj", "{B1727127-421B-9D94-93D6-CAF7C884DBAE}"
EndProject
Global
	GlobalSection(SolutionConfigurationPlatforms) = preSolution
		Debug|Any CPU = Debug|Any CPU
		Release|Any CPU = Release|Any CPU
	EndGlobalSection
	GlobalSection(ProjectConfigurationPlatforms) = postSolution
		{B1727127-421B-9D94-93D6-CAF7C884DBAE}.Debug|Any CPU.ActiveCfg = Debug|Any CPU
		{B1727127-421B-9D94-93D6-CAF7C884DBAE}.Debug|Any CPU.Build.0 = Debug|Any CPU
		{B1727127-421B-9D94-93D6-CAF7C884DBAE}.Release|Any CPU.ActiveCfg = Release|Any CPU
		{B1727127-421B-9D94-93D6-CAF7C884DBAE}.Release|Any CPU.Build.0 = Release|Any CPU
	EndGlobalSection
	GlobalSection(SolutionProperties) = preSolution
		HideSolutionNode = FALSE
	EndGlobalSection
	GlobalSection(ExtensibilityGlobals) = postSolution
		SolutionGuid = {34077678-F175-4082-BB21-2B30B6817CE6}
	EndGlobalSection
EndGlobal
